// !$*UTF8*$!
{
	archiveVersion = 1;
	classes = {
	};
	objectVersion = 60;
	objects = {

/* Begin PBXBuildFile section */
		01370A672B028916005B34E2 /* TagGameApp.swift in Sources */ = {isa = PBXBuildFile; fileRef = 01370A662B028916005B34E2 /* TagGameApp.swift */; };
		01370A692B028916005B34E2 /* ContentView.swift in Sources */ = {isa = PBXBuildFile; fileRef = 01370A682B028916005B34E2 /* ContentView.swift */; };
		01370A6B2B028917005B34E2 /* Assets.xcassets in Resources */ = {isa = PBXBuildFile; fileRef = 01370A6A2B028917005B34E2 /* Assets.xcassets */; };
		01370A6E2B028917005B34E2 /* Preview Assets.xcassets in Resources */ = {isa = PBXBuildFile; fileRef = 01370A6D2B028917005B34E2 /* Preview Assets.xcassets */; };
		01370A782B0289DF005B34E2 /* GameScene.sks in Resources */ = {isa = PBXBuildFile; fileRef = 01370A772B0289DF005B34E2 /* GameScene.sks */; };
		01370A7A2B028A37005B34E2 /* GameScene.swift in Sources */ = {isa = PBXBuildFile; fileRef = 01370A792B028A37005B34E2 /* GameScene.swift */; };
		01370A7C2B028E04005B34E2 /* Resources.xcassets in Resources */ = {isa = PBXBuildFile; fileRef = 01370A7B2B028E04005B34E2 /* Resources.xcassets */; };
		01370A832B029128005B34E2 /* PlayerEntity.swift in Sources */ = {isa = PBXBuildFile; fileRef = 01370A822B029128005B34E2 /* PlayerEntity.swift */; };
		01370A852B02918E005B34E2 /* RenderComponent.swift in Sources */ = {isa = PBXBuildFile; fileRef = 01370A842B02918E005B34E2 /* RenderComponent.swift */; };
		01370A872B029354005B34E2 /* EntityManager.swift in Sources */ = {isa = PBXBuildFile; fileRef = 01370A862B029354005B34E2 /* EntityManager.swift */; };
		01370A892B0299CD005B34E2 /* Resources.swift in Sources */ = {isa = PBXBuildFile; fileRef = 01370A882B0299CD005B34E2 /* Resources.swift */; };
		01370A8C2B02A091005B34E2 /* Orientation.swift in Sources */ = {isa = PBXBuildFile; fileRef = 01370A8B2B02A091005B34E2 /* Orientation.swift */; };
		01370A8E2B02A0A7005B34E2 /* MovementState.swift in Sources */ = {isa = PBXBuildFile; fileRef = 01370A8D2B02A0A7005B34E2 /* MovementState.swift */; };
		01370A902B02A0B2005B34E2 /* PlayerSkin.swift in Sources */ = {isa = PBXBuildFile; fileRef = 01370A8F2B02A0B2005B34E2 /* PlayerSkin.swift */; };
		01370A922B02A161005B34E2 /* InputManager.swift in Sources */ = {isa = PBXBuildFile; fileRef = 01370A912B02A161005B34E2 /* InputManager.swift */; };
		01370A942B02AF98005B34E2 /* OrientationComponent.swift in Sources */ = {isa = PBXBuildFile; fileRef = 01370A932B02AF98005B34E2 /* OrientationComponent.swift */; };
		01370A962B02B037005B34E2 /* AnimationComponent.swift in Sources */ = {isa = PBXBuildFile; fileRef = 01370A952B02B037005B34E2 /* AnimationComponent.swift */; };
		01370A982B02B6DF005B34E2 /* MovementComponent.swift in Sources */ = {isa = PBXBuildFile; fileRef = 01370A972B02B6DF005B34E2 /* MovementComponent.swift */; };
		01370A9B2B03A25F005B34E2 /* PhysicsComponent.swift in Sources */ = {isa = PBXBuildFile; fileRef = 01370A9A2B03A25F005B34E2 /* PhysicsComponent.swift */; };
		01370A9D2B03B24C005B34E2 /* PhysicsCategory.swift in Sources */ = {isa = PBXBuildFile; fileRef = 01370A9C2B03B24C005B34E2 /* PhysicsCategory.swift */; };
		01370A9F2B03D73A005B34E2 /* KeyboardInput.swift in Sources */ = {isa = PBXBuildFile; fileRef = 01370A9E2B03D73A005B34E2 /* KeyboardInput.swift */; };
		01370AA12B03D9CB005B34E2 /* NameComponent.swift in Sources */ = {isa = PBXBuildFile; fileRef = 01370AA02B03D9CB005B34E2 /* NameComponent.swift */; };
		01370AA32B03DDAC005B34E2 /* RoleComponent.swift in Sources */ = {isa = PBXBuildFile; fileRef = 01370AA22B03DDAC005B34E2 /* RoleComponent.swift */; };
		01370AA52B03E048005B34E2 /* Role.swift in Sources */ = {isa = PBXBuildFile; fileRef = 01370AA42B03E048005B34E2 /* Role.swift */; };
		01370AA72B03E1BB005B34E2 /* ContactComponent.swift in Sources */ = {isa = PBXBuildFile; fileRef = 01370AA62B03E1BB005B34E2 /* ContactComponent.swift */; };
		01370AA92B03E603005B34E2 /* FreezeComponent.swift in Sources */ = {isa = PBXBuildFile; fileRef = 01370AA82B03E603005B34E2 /* FreezeComponent.swift */; };
		01370AAD2B03EB2C005B34E2 /* FreezeShader.fsh in Resources */ = {isa = PBXBuildFile; fileRef = 01370AAC2B03EB2C005B34E2 /* FreezeShader.fsh */; };
		01370AAF2B03ED33005B34E2 /* ShaderType.swift in Sources */ = {isa = PBXBuildFile; fileRef = 01370AAE2B03ED33005B34E2 /* ShaderType.swift */; };
		018782D72B0E243700657831 /* GameCenterManager.swift in Sources */ = {isa = PBXBuildFile; fileRef = 018782D52B0E243700657831 /* GameCenterManager.swift */; };
		018782D82B0E243700657831 /* MatchmakerView.swift in Sources */ = {isa = PBXBuildFile; fileRef = 018782D62B0E243700657831 /* MatchmakerView.swift */; };
/* End PBXBuildFile section */

/* Begin PBXFileReference section */
		01370A632B028916005B34E2 /* TagGame.app */ = {isa = PBXFileReference; explicitFileType = wrapper.application; includeInIndex = 0; path = TagGame.app; sourceTree = BUILT_PRODUCTS_DIR; };
		01370A662B028916005B34E2 /* TagGameApp.swift */ = {isa = PBXFileReference; lastKnownFileType = sourcecode.swift; path = TagGameApp.swift; sourceTree = "<group>"; };
		01370A682B028916005B34E2 /* ContentView.swift */ = {isa = PBXFileReference; lastKnownFileType = sourcecode.swift; path = ContentView.swift; sourceTree = "<group>"; };
		01370A6A2B028917005B34E2 /* Assets.xcassets */ = {isa = PBXFileReference; lastKnownFileType = folder.assetcatalog; path = Assets.xcassets; sourceTree = "<group>"; };
		01370A6D2B028917005B34E2 /* Preview Assets.xcassets */ = {isa = PBXFileReference; lastKnownFileType = folder.assetcatalog; path = "Preview Assets.xcassets"; sourceTree = "<group>"; };
		01370A772B0289DF005B34E2 /* GameScene.sks */ = {isa = PBXFileReference; lastKnownFileType = file.sks; path = GameScene.sks; sourceTree = "<group>"; };
		01370A792B028A37005B34E2 /* GameScene.swift */ = {isa = PBXFileReference; lastKnownFileType = sourcecode.swift; path = GameScene.swift; sourceTree = "<group>"; };
		01370A7B2B028E04005B34E2 /* Resources.xcassets */ = {isa = PBXFileReference; lastKnownFileType = folder.assetcatalog; path = Resources.xcassets; sourceTree = "<group>"; };
		01370A822B029128005B34E2 /* PlayerEntity.swift */ = {isa = PBXFileReference; lastKnownFileType = sourcecode.swift; path = PlayerEntity.swift; sourceTree = "<group>"; };
		01370A842B02918E005B34E2 /* RenderComponent.swift */ = {isa = PBXFileReference; lastKnownFileType = sourcecode.swift; path = RenderComponent.swift; sourceTree = "<group>"; };
		01370A862B029354005B34E2 /* EntityManager.swift */ = {isa = PBXFileReference; lastKnownFileType = sourcecode.swift; path = EntityManager.swift; sourceTree = "<group>"; };
		01370A882B0299CD005B34E2 /* Resources.swift */ = {isa = PBXFileReference; lastKnownFileType = sourcecode.swift; path = Resources.swift; sourceTree = "<group>"; };
		01370A8B2B02A091005B34E2 /* Orientation.swift */ = {isa = PBXFileReference; lastKnownFileType = sourcecode.swift; path = Orientation.swift; sourceTree = "<group>"; };
		01370A8D2B02A0A7005B34E2 /* MovementState.swift */ = {isa = PBXFileReference; lastKnownFileType = sourcecode.swift; path = MovementState.swift; sourceTree = "<group>"; };
		01370A8F2B02A0B2005B34E2 /* PlayerSkin.swift */ = {isa = PBXFileReference; lastKnownFileType = sourcecode.swift; path = PlayerSkin.swift; sourceTree = "<group>"; };
		01370A912B02A161005B34E2 /* InputManager.swift */ = {isa = PBXFileReference; lastKnownFileType = sourcecode.swift; path = InputManager.swift; sourceTree = "<group>"; };
		01370A932B02AF98005B34E2 /* OrientationComponent.swift */ = {isa = PBXFileReference; lastKnownFileType = sourcecode.swift; path = OrientationComponent.swift; sourceTree = "<group>"; };
		01370A952B02B037005B34E2 /* AnimationComponent.swift */ = {isa = PBXFileReference; lastKnownFileType = sourcecode.swift; path = AnimationComponent.swift; sourceTree = "<group>"; };
		01370A972B02B6DF005B34E2 /* MovementComponent.swift */ = {isa = PBXFileReference; lastKnownFileType = sourcecode.swift; path = MovementComponent.swift; sourceTree = "<group>"; };
		01370A9A2B03A25F005B34E2 /* PhysicsComponent.swift */ = {isa = PBXFileReference; lastKnownFileType = sourcecode.swift; path = PhysicsComponent.swift; sourceTree = "<group>"; };
		01370A9C2B03B24C005B34E2 /* PhysicsCategory.swift */ = {isa = PBXFileReference; lastKnownFileType = sourcecode.swift; path = PhysicsCategory.swift; sourceTree = "<group>"; };
		01370A9E2B03D73A005B34E2 /* KeyboardInput.swift */ = {isa = PBXFileReference; lastKnownFileType = sourcecode.swift; path = KeyboardInput.swift; sourceTree = "<group>"; };
		01370AA02B03D9CB005B34E2 /* NameComponent.swift */ = {isa = PBXFileReference; lastKnownFileType = sourcecode.swift; path = NameComponent.swift; sourceTree = "<group>"; };
		01370AA22B03DDAC005B34E2 /* RoleComponent.swift */ = {isa = PBXFileReference; lastKnownFileType = sourcecode.swift; path = RoleComponent.swift; sourceTree = "<group>"; };
		01370AA42B03E048005B34E2 /* Role.swift */ = {isa = PBXFileReference; lastKnownFileType = sourcecode.swift; path = Role.swift; sourceTree = "<group>"; };
		01370AA62B03E1BB005B34E2 /* ContactComponent.swift */ = {isa = PBXFileReference; lastKnownFileType = sourcecode.swift; path = ContactComponent.swift; sourceTree = "<group>"; };
		01370AA82B03E603005B34E2 /* FreezeComponent.swift */ = {isa = PBXFileReference; lastKnownFileType = sourcecode.swift; path = FreezeComponent.swift; sourceTree = "<group>"; };
		01370AAC2B03EB2C005B34E2 /* FreezeShader.fsh */ = {isa = PBXFileReference; lastKnownFileType = sourcecode.glsl; path = FreezeShader.fsh; sourceTree = "<group>"; };
		01370AAE2B03ED33005B34E2 /* ShaderType.swift */ = {isa = PBXFileReference; lastKnownFileType = sourcecode.swift; path = ShaderType.swift; sourceTree = "<group>"; };
		018782D52B0E243700657831 /* GameCenterManager.swift */ = {isa = PBXFileReference; fileEncoding = 4; lastKnownFileType = sourcecode.swift; path = GameCenterManager.swift; sourceTree = "<group>"; };
		018782D62B0E243700657831 /* MatchmakerView.swift */ = {isa = PBXFileReference; fileEncoding = 4; lastKnownFileType = sourcecode.swift; path = MatchmakerView.swift; sourceTree = "<group>"; };
/* End PBXFileReference section */

/* Begin PBXFrameworksBuildPhase section */
		01370A602B028916005B34E2 /* Frameworks */ = {
			isa = PBXFrameworksBuildPhase;
			buildActionMask = 2147483647;
			files = (
			);
			runOnlyForDeploymentPostprocessing = 0;
		};
/* End PBXFrameworksBuildPhase section */

/* Begin PBXGroup section */
		01370A5A2B028916005B34E2 = {
			isa = PBXGroup;
			children = (
				01370A652B028916005B34E2 /* TagGame */,
				01370A642B028916005B34E2 /* Products */,
			);
			sourceTree = "<group>";
		};
		01370A642B028916005B34E2 /* Products */ = {
			isa = PBXGroup;
			children = (
				01370A632B028916005B34E2 /* TagGame.app */,
			);
			name = Products;
			sourceTree = "<group>";
		};
		01370A652B028916005B34E2 /* TagGame */ = {
			isa = PBXGroup;
			children = (
				01370A752B028922005B34E2 /* App */,
				01370A762B0289BE005B34E2 /* Game */,
			);
			path = TagGame;
			sourceTree = "<group>";
		};
		01370A6C2B028917005B34E2 /* Preview Content */ = {
			isa = PBXGroup;
			children = (
				01370A6D2B028917005B34E2 /* Preview Assets.xcassets */,
			);
			path = "Preview Content";
			sourceTree = "<group>";
		};
		01370A752B028922005B34E2 /* App */ = {
			isa = PBXGroup;
			children = (
				01370A662B028916005B34E2 /* TagGameApp.swift */,
				01370A682B028916005B34E2 /* ContentView.swift */,
				01370A6A2B028917005B34E2 /* Assets.xcassets */,
				01370A6C2B028917005B34E2 /* Preview Content */,
			);
			path = App;
			sourceTree = "<group>";
		};
		01370A762B0289BE005B34E2 /* Game */ = {
			isa = PBXGroup;
			children = (
				018782D42B0E242700657831 /* Multiplayer */,
				01370A7F2B02910B005B34E2 /* Entities */,
				01370A802B02910F005B34E2 /* Components */,
				01370A812B029119005B34E2 /* Systems */,
				01370A7D2B0290FD005B34E2 /* Scenes */,
				01370A992B0391C4005B34E2 /* Input */,
				01370A8A2B02A088005B34E2 /* Models */,
				01370A7E2B029104005B34E2 /* Resources */,
			);
			path = Game;
			sourceTree = "<group>";
		};
		01370A7D2B0290FD005B34E2 /* Scenes */ = {
			isa = PBXGroup;
			children = (
				01370A792B028A37005B34E2 /* GameScene.swift */,
				01370A772B0289DF005B34E2 /* GameScene.sks */,
			);
			path = Scenes;
			sourceTree = "<group>";
		};
		01370A7E2B029104005B34E2 /* Resources */ = {
			isa = PBXGroup;
			children = (
				01370A7B2B028E04005B34E2 /* Resources.xcassets */,
				01370A882B0299CD005B34E2 /* Resources.swift */,
				01370AAC2B03EB2C005B34E2 /* FreezeShader.fsh */,
			);
			path = Resources;
			sourceTree = "<group>";
		};
		01370A7F2B02910B005B34E2 /* Entities */ = {
			isa = PBXGroup;
			children = (
				01370A822B029128005B34E2 /* PlayerEntity.swift */,
			);
			path = Entities;
			sourceTree = "<group>";
		};
		01370A802B02910F005B34E2 /* Components */ = {
			isa = PBXGroup;
			children = (
				01370A842B02918E005B34E2 /* RenderComponent.swift */,
				01370A952B02B037005B34E2 /* AnimationComponent.swift */,
				01370A932B02AF98005B34E2 /* OrientationComponent.swift */,
				01370A972B02B6DF005B34E2 /* MovementComponent.swift */,
				01370A9A2B03A25F005B34E2 /* PhysicsComponent.swift */,
				01370AA02B03D9CB005B34E2 /* NameComponent.swift */,
				01370AA22B03DDAC005B34E2 /* RoleComponent.swift */,
				01370AA62B03E1BB005B34E2 /* ContactComponent.swift */,
				01370AA82B03E603005B34E2 /* FreezeComponent.swift */,
			);
			path = Components;
			sourceTree = "<group>";
		};
		01370A812B029119005B34E2 /* Systems */ = {
			isa = PBXGroup;
			children = (
				01370A862B029354005B34E2 /* EntityManager.swift */,
			);
			path = Systems;
			sourceTree = "<group>";
		};
		01370A8A2B02A088005B34E2 /* Models */ = {
			isa = PBXGroup;
			children = (
				01370A8B2B02A091005B34E2 /* Orientation.swift */,
				01370A8D2B02A0A7005B34E2 /* MovementState.swift */,
				01370A8F2B02A0B2005B34E2 /* PlayerSkin.swift */,
				01370A9C2B03B24C005B34E2 /* PhysicsCategory.swift */,
				01370AA42B03E048005B34E2 /* Role.swift */,
				01370AAE2B03ED33005B34E2 /* ShaderType.swift */,
			);
			path = Models;
			sourceTree = "<group>";
		};
		01370A992B0391C4005B34E2 /* Input */ = {
			isa = PBXGroup;
			children = (
				01370A912B02A161005B34E2 /* InputManager.swift */,
				01370A9E2B03D73A005B34E2 /* KeyboardInput.swift */,
			);
			path = Input;
			sourceTree = "<group>";
		};
		018782D42B0E242700657831 /* Multiplayer */ = {
			isa = PBXGroup;
			children = (
				018782D52B0E243700657831 /* GameCenterManager.swift */,
				018782D62B0E243700657831 /* MatchmakerView.swift */,
			);
			path = Multiplayer;
			sourceTree = "<group>";
		};
/* End PBXGroup section */

/* Begin PBXNativeTarget section */
		01370A622B028916005B34E2 /* TagGame */ = {
			isa = PBXNativeTarget;
			buildConfigurationList = 01370A722B028917005B34E2 /* Build configuration list for PBXNativeTarget "TagGame" */;
			buildPhases = (
				01370A5F2B028916005B34E2 /* Sources */,
				01370A602B028916005B34E2 /* Frameworks */,
				01370A612B028916005B34E2 /* Resources */,
			);
			buildRules = (
			);
			dependencies = (
			);
			name = TagGame;
			productName = TagGame;
			productReference = 01370A632B028916005B34E2 /* TagGame.app */;
			productType = "com.apple.product-type.application";
		};
/* End PBXNativeTarget section */

/* Begin PBXProject section */
		01370A5B2B028916005B34E2 /* Project object */ = {
			isa = PBXProject;
			attributes = {
				BuildIndependentTargetsInParallel = 1;
				LastSwiftUpdateCheck = 1510;
				LastUpgradeCheck = 1510;
				TargetAttributes = {
					01370A622B028916005B34E2 = {
						CreatedOnToolsVersion = 15.1;
					};
				};
			};
			buildConfigurationList = 01370A5E2B028916005B34E2 /* Build configuration list for PBXProject "TagGame" */;
			compatibilityVersion = "Xcode 15.0";
			developmentRegion = en;
			hasScannedForEncodings = 0;
			knownRegions = (
				en,
				Base,
			);
			mainGroup = 01370A5A2B028916005B34E2;
			productRefGroup = 01370A642B028916005B34E2 /* Products */;
			projectDirPath = "";
			projectRoot = "";
			targets = (
				01370A622B028916005B34E2 /* TagGame */,
			);
		};
/* End PBXProject section */

/* Begin PBXResourcesBuildPhase section */
		01370A612B028916005B34E2 /* Resources */ = {
			isa = PBXResourcesBuildPhase;
			buildActionMask = 2147483647;
			files = (
				01370A6E2B028917005B34E2 /* Preview Assets.xcassets in Resources */,
				01370A7C2B028E04005B34E2 /* Resources.xcassets in Resources */,
				01370A782B0289DF005B34E2 /* GameScene.sks in Resources */,
				01370AAD2B03EB2C005B34E2 /* FreezeShader.fsh in Resources */,
				01370A6B2B028917005B34E2 /* Assets.xcassets in Resources */,
			);
			runOnlyForDeploymentPostprocessing = 0;
		};
/* End PBXResourcesBuildPhase section */

/* Begin PBXSourcesBuildPhase section */
		01370A5F2B028916005B34E2 /* Sources */ = {
			isa = PBXSourcesBuildPhase;
			buildActionMask = 2147483647;
			files = (
				01370A9F2B03D73A005B34E2 /* KeyboardInput.swift in Sources */,
				01370A8C2B02A091005B34E2 /* Orientation.swift in Sources */,
				01370A9D2B03B24C005B34E2 /* PhysicsCategory.swift in Sources */,
				01370A7A2B028A37005B34E2 /* GameScene.swift in Sources */,
				018782D82B0E243700657831 /* MatchmakerView.swift in Sources */,
				01370A852B02918E005B34E2 /* RenderComponent.swift in Sources */,
				01370A872B029354005B34E2 /* EntityManager.swift in Sources */,
				01370A692B028916005B34E2 /* ContentView.swift in Sources */,
				01370A672B028916005B34E2 /* TagGameApp.swift in Sources */,
				018782D72B0E243700657831 /* GameCenterManager.swift in Sources */,
				01370A962B02B037005B34E2 /* AnimationComponent.swift in Sources */,
				01370AA32B03DDAC005B34E2 /* RoleComponent.swift in Sources */,
				01370A9B2B03A25F005B34E2 /* PhysicsComponent.swift in Sources */,
				01370A8E2B02A0A7005B34E2 /* MovementState.swift in Sources */,
				01370AA72B03E1BB005B34E2 /* ContactComponent.swift in Sources */,
				01370A982B02B6DF005B34E2 /* MovementComponent.swift in Sources */,
				01370AA12B03D9CB005B34E2 /* NameComponent.swift in Sources */,
				01370A832B029128005B34E2 /* PlayerEntity.swift in Sources */,
				01370A942B02AF98005B34E2 /* OrientationComponent.swift in Sources */,
				01370A922B02A161005B34E2 /* InputManager.swift in Sources */,
				01370AA92B03E603005B34E2 /* FreezeComponent.swift in Sources */,
				01370A892B0299CD005B34E2 /* Resources.swift in Sources */,
				01370AAF2B03ED33005B34E2 /* ShaderType.swift in Sources */,
				01370A902B02A0B2005B34E2 /* PlayerSkin.swift in Sources */,
				01370AA52B03E048005B34E2 /* Role.swift in Sources */,
			);
			runOnlyForDeploymentPostprocessing = 0;
		};
/* End PBXSourcesBuildPhase section */

/* Begin XCBuildConfiguration section */
		01370A702B028917005B34E2 /* Debug */ = {
			isa = XCBuildConfiguration;
			buildSettings = {
				ALWAYS_SEARCH_USER_PATHS = NO;
				ASSETCATALOG_COMPILER_GENERATE_SWIFT_ASSET_SYMBOL_EXTENSIONS = YES;
				CLANG_ANALYZER_NONNULL = YES;
				CLANG_ANALYZER_NUMBER_OBJECT_CONVERSION = YES_AGGRESSIVE;
				CLANG_CXX_LANGUAGE_STANDARD = "gnu++20";
				CLANG_ENABLE_MODULES = YES;
				CLANG_ENABLE_OBJC_ARC = YES;
				CLANG_ENABLE_OBJC_WEAK = YES;
				CLANG_WARN_BLOCK_CAPTURE_AUTORELEASING = YES;
				CLANG_WARN_BOOL_CONVERSION = YES;
				CLANG_WARN_COMMA = YES;
				CLANG_WARN_CONSTANT_CONVERSION = YES;
				CLANG_WARN_DEPRECATED_OBJC_IMPLEMENTATIONS = YES;
				CLANG_WARN_DIRECT_OBJC_ISA_USAGE = YES_ERROR;
				CLANG_WARN_DOCUMENTATION_COMMENTS = YES;
				CLANG_WARN_EMPTY_BODY = YES;
				CLANG_WARN_ENUM_CONVERSION = YES;
				CLANG_WARN_INFINITE_RECURSION = YES;
				CLANG_WARN_INT_CONVERSION = YES;
				CLANG_WARN_NON_LITERAL_NULL_CONVERSION = YES;
				CLANG_WARN_OBJC_IMPLICIT_RETAIN_SELF = YES;
				CLANG_WARN_OBJC_LITERAL_CONVERSION = YES;
				CLANG_WARN_OBJC_ROOT_CLASS = YES_ERROR;
				CLANG_WARN_QUOTED_INCLUDE_IN_FRAMEWORK_HEADER = YES;
				CLANG_WARN_RANGE_LOOP_ANALYSIS = YES;
				CLANG_WARN_STRICT_PROTOTYPES = YES;
				CLANG_WARN_SUSPICIOUS_MOVE = YES;
				CLANG_WARN_UNGUARDED_AVAILABILITY = YES_AGGRESSIVE;
				CLANG_WARN_UNREACHABLE_CODE = YES;
				CLANG_WARN__DUPLICATE_METHOD_MATCH = YES;
				COPY_PHASE_STRIP = NO;
				DEBUG_INFORMATION_FORMAT = dwarf;
				ENABLE_STRICT_OBJC_MSGSEND = YES;
				ENABLE_TESTABILITY = YES;
				ENABLE_USER_SCRIPT_SANDBOXING = YES;
				GCC_C_LANGUAGE_STANDARD = gnu17;
				GCC_DYNAMIC_NO_PIC = NO;
				GCC_NO_COMMON_BLOCKS = YES;
				GCC_OPTIMIZATION_LEVEL = 0;
				GCC_PREPROCESSOR_DEFINITIONS = (
					"DEBUG=1",
					"$(inherited)",
				);
				GCC_WARN_64_TO_32_BIT_CONVERSION = YES;
				GCC_WARN_ABOUT_RETURN_TYPE = YES_ERROR;
				GCC_WARN_UNDECLARED_SELECTOR = YES;
				GCC_WARN_UNINITIALIZED_AUTOS = YES_AGGRESSIVE;
				GCC_WARN_UNUSED_FUNCTION = YES;
				GCC_WARN_UNUSED_VARIABLE = YES;
				LOCALIZATION_PREFERS_STRING_CATALOGS = YES;
				MACOSX_DEPLOYMENT_TARGET = 14.0;
				MTL_ENABLE_DEBUG_INFO = INCLUDE_SOURCE;
				MTL_FAST_MATH = YES;
				ONLY_ACTIVE_ARCH = YES;
				SDKROOT = iphoneos;
				SWIFT_ACTIVE_COMPILATION_CONDITIONS = "DEBUG $(inherited)";
				SWIFT_OPTIMIZATION_LEVEL = "-Onone";
			};
			name = Debug;
		};
		01370A712B028917005B34E2 /* Release */ = {
			isa = XCBuildConfiguration;
			buildSettings = {
				ALWAYS_SEARCH_USER_PATHS = NO;
				ASSETCATALOG_COMPILER_GENERATE_SWIFT_ASSET_SYMBOL_EXTENSIONS = YES;
				CLANG_ANALYZER_NONNULL = YES;
				CLANG_ANALYZER_NUMBER_OBJECT_CONVERSION = YES_AGGRESSIVE;
				CLANG_CXX_LANGUAGE_STANDARD = "gnu++20";
				CLANG_ENABLE_MODULES = YES;
				CLANG_ENABLE_OBJC_ARC = YES;
				CLANG_ENABLE_OBJC_WEAK = YES;
				CLANG_WARN_BLOCK_CAPTURE_AUTORELEASING = YES;
				CLANG_WARN_BOOL_CONVERSION = YES;
				CLANG_WARN_COMMA = YES;
				CLANG_WARN_CONSTANT_CONVERSION = YES;
				CLANG_WARN_DEPRECATED_OBJC_IMPLEMENTATIONS = YES;
				CLANG_WARN_DIRECT_OBJC_ISA_USAGE = YES_ERROR;
				CLANG_WARN_DOCUMENTATION_COMMENTS = YES;
				CLANG_WARN_EMPTY_BODY = YES;
				CLANG_WARN_ENUM_CONVERSION = YES;
				CLANG_WARN_INFINITE_RECURSION = YES;
				CLANG_WARN_INT_CONVERSION = YES;
				CLANG_WARN_NON_LITERAL_NULL_CONVERSION = YES;
				CLANG_WARN_OBJC_IMPLICIT_RETAIN_SELF = YES;
				CLANG_WARN_OBJC_LITERAL_CONVERSION = YES;
				CLANG_WARN_OBJC_ROOT_CLASS = YES_ERROR;
				CLANG_WARN_QUOTED_INCLUDE_IN_FRAMEWORK_HEADER = YES;
				CLANG_WARN_RANGE_LOOP_ANALYSIS = YES;
				CLANG_WARN_STRICT_PROTOTYPES = YES;
				CLANG_WARN_SUSPICIOUS_MOVE = YES;
				CLANG_WARN_UNGUARDED_AVAILABILITY = YES_AGGRESSIVE;
				CLANG_WARN_UNREACHABLE_CODE = YES;
				CLANG_WARN__DUPLICATE_METHOD_MATCH = YES;
				COPY_PHASE_STRIP = NO;
				DEBUG_INFORMATION_FORMAT = "dwarf-with-dsym";
				ENABLE_NS_ASSERTIONS = NO;
				ENABLE_STRICT_OBJC_MSGSEND = YES;
				ENABLE_USER_SCRIPT_SANDBOXING = YES;
				GCC_C_LANGUAGE_STANDARD = gnu17;
				GCC_NO_COMMON_BLOCKS = YES;
				GCC_WARN_64_TO_32_BIT_CONVERSION = YES;
				GCC_WARN_ABOUT_RETURN_TYPE = YES_ERROR;
				GCC_WARN_UNDECLARED_SELECTOR = YES;
				GCC_WARN_UNINITIALIZED_AUTOS = YES_AGGRESSIVE;
				GCC_WARN_UNUSED_FUNCTION = YES;
				GCC_WARN_UNUSED_VARIABLE = YES;
				LOCALIZATION_PREFERS_STRING_CATALOGS = YES;
				MACOSX_DEPLOYMENT_TARGET = 14.0;
				MTL_ENABLE_DEBUG_INFO = NO;
				MTL_FAST_MATH = YES;
				SDKROOT = iphoneos;
				SWIFT_COMPILATION_MODE = wholemodule;
			};
			name = Release;
		};
		01370A732B028917005B34E2 /* Debug */ = {
			isa = XCBuildConfiguration;
			buildSettings = {
				ASSETCATALOG_COMPILER_APPICON_NAME = AppIcon;
				ASSETCATALOG_COMPILER_GLOBAL_ACCENT_COLOR_NAME = AccentColor;
				CODE_SIGN_ENTITLEMENTS = TagGame/App/TagGame.entitlements;
				CODE_SIGN_STYLE = Automatic;
				COMBINE_HIDPI_IMAGES = YES;
				CURRENT_PROJECT_VERSION = 1;
				DEVELOPMENT_ASSET_PATHS = "\"TagGame/App/Preview Content\"";
				DEVELOPMENT_TEAM = 4FV3MXV8J6;
				ENABLE_HARDENED_RUNTIME = YES;
				ENABLE_PREVIEWS = YES;
				GENERATE_INFOPLIST_FILE = YES;
				INFOPLIST_KEY_LSApplicationCategoryType = "public.app-category.action-games";
				INFOPLIST_KEY_NSHumanReadableCopyright = "";
				INFOPLIST_KEY_UISupportedInterfaceOrientations = UIInterfaceOrientationPortrait;
				IPHONEOS_DEPLOYMENT_TARGET = 16.0;
				LD_RUNPATH_SEARCH_PATHS = (
					"$(inherited)",
					"@executable_path/../Frameworks",
				);
				MACOSX_DEPLOYMENT_TARGET = 13.0;
				MARKETING_VERSION = 1.0;
				PRODUCT_BUNDLE_IDENTIFIER = br.com.bonilhacontine.TagGame;
				PRODUCT_NAME = "$(TARGET_NAME)";
				SUPPORTED_PLATFORMS = "iphoneos iphonesimulator";
				SUPPORTS_MACCATALYST = NO;
				SWIFT_EMIT_LOC_STRINGS = YES;
				SWIFT_VERSION = 5.0;
				TARGETED_DEVICE_FAMILY = "1,2";
			};
			name = Debug;
		};
		01370A742B028917005B34E2 /* Release */ = {
			isa = XCBuildConfiguration;
			buildSettings = {
				ASSETCATALOG_COMPILER_APPICON_NAME = AppIcon;
				ASSETCATALOG_COMPILER_GLOBAL_ACCENT_COLOR_NAME = AccentColor;
				CODE_SIGN_ENTITLEMENTS = TagGame/App/TagGame.entitlements;
				CODE_SIGN_STYLE = Automatic;
				COMBINE_HIDPI_IMAGES = YES;
				CURRENT_PROJECT_VERSION = 1;
				DEVELOPMENT_ASSET_PATHS = "\"TagGame/App/Preview Content\"";
				DEVELOPMENT_TEAM = 4FV3MXV8J6;
				ENABLE_HARDENED_RUNTIME = YES;
				ENABLE_PREVIEWS = YES;
				GENERATE_INFOPLIST_FILE = YES;
				INFOPLIST_KEY_LSApplicationCategoryType = "public.app-category.action-games";
				INFOPLIST_KEY_NSHumanReadableCopyright = "";
				INFOPLIST_KEY_UISupportedInterfaceOrientations = UIInterfaceOrientationPortrait;
				IPHONEOS_DEPLOYMENT_TARGET = 16.0;
				LD_RUNPATH_SEARCH_PATHS = (
					"$(inherited)",
					"@executable_path/../Frameworks",
				);
				MACOSX_DEPLOYMENT_TARGET = 13.0;
				MARKETING_VERSION = 1.0;
				PRODUCT_BUNDLE_IDENTIFIER = br.com.bonilhacontine.TagGame;
				PRODUCT_NAME = "$(TARGET_NAME)";
				SUPPORTED_PLATFORMS = "iphoneos iphonesimulator";
				SUPPORTS_MACCATALYST = NO;
				SWIFT_EMIT_LOC_STRINGS = YES;
				SWIFT_VERSION = 5.0;
				TARGETED_DEVICE_FAMILY = "1,2";
			};
			name = Release;
		};
/* End XCBuildConfiguration section */

/* Begin XCConfigurationList section */
		01370A5E2B028916005B34E2 /* Build configuration list for PBXProject "TagGame" */ = {
			isa = XCConfigurationList;
			buildConfigurations = (
				01370A702B028917005B34E2 /* Debug */,
				01370A712B028917005B34E2 /* Release */,
			);
			defaultConfigurationIsVisible = 0;
			defaultConfigurationName = Release;
		};
		01370A722B028917005B34E2 /* Build configuration list for PBXNativeTarget "TagGame" */ = {
			isa = XCConfigurationList;
			buildConfigurations = (
				01370A732B028917005B34E2 /* Debug */,
				01370A742B028917005B34E2 /* Release */,
			);
			defaultConfigurationIsVisible = 0;
			defaultConfigurationName = Release;
		};
/* End XCConfigurationList section */
	};
	rootObject = 01370A5B2B028916005B34E2 /* Project object */;
}
